
Microsoft Visual Studio Solution File, Format Version 12.00
# Visual Studio Version 16
VisualStudioVersion = 16.0.31911.196
MinimumVisualStudioVersion = 10.0.40219.1
Project("{9A19103F-16F7-4668-BE54-9A1E7A4F7556}") = "UnitTestsExample.App", "UnitTestsExample.App\UnitTestsExample.App.csproj", "{932686E9-C5F4-4714-AB54-F9D89A91CE38}"
EndProject
Project("{FAE04EC0-301F-11D3-BF4B-00C04F79EFBC}") = "UnitTestsExample.Tests", "UnitTestsExample.Tests\UnitTestsExample.Tests.csproj", "{0A73187D-A109-4DE0-87D4-559FDC12F7EF}"
EndProject
Global
	GlobalSection(SolutionConfigurationPlatforms) = preSolution
		Debug|Any CPU = Debug|Any CPU
		Release|Any CPU = Release|Any CPU
	EndGlobalSection
	GlobalSection(ProjectConfigurationPlatforms) = postSolution
		{932686E9-C5F4-4714-AB54-F9D89A91CE38}.Debug|Any CPU.ActiveCfg = Debug|Any CPU
		{932686E9-C5F4-4714-AB54-F9D89A91CE38}.Debug|Any CPU.Build.0 = Debug|Any CPU
		{932686E9-C5F4-4714-AB54-F9D89A91CE38}.Release|Any CPU.ActiveCfg = Release|Any CPU
		{932686E9-C5F4-4714-AB54-F9D89A91CE38}.Release|Any CPU.Build.0 = Release|Any CPU
		{0A73187D-A109-4DE0-87D4-559FDC12F7EF}.Debug|Any CPU.ActiveCfg = Debug|Any CPU
		{0A73187D-A109-4DE0-87D4-559FDC12F7EF}.Debug|Any CPU.Build.0 = Debug|Any CPU
		{0A73187D-A109-4DE0-87D4-559FDC12F7EF}.Release|Any CPU.ActiveCfg = Release|Any CPU
		{0A73187D-A109-4DE0-87D4-559FDC12F7EF}.Release|Any CPU.Build.0 = Release|Any CPU
	EndGlobalSection
	GlobalSection(SolutionProperties) = preSolution
		HideSolutionNode = FALSE
	EndGlobalSection
	GlobalSection(ExtensibilityGlobals) = postSolution
		SolutionGuid = {8389284A-4BC8-48E1-93CE-224559E6D3A9}
	EndGlobalSection
EndGlobal
