
Microsoft Visual Studio Solution File, Format Version 12.00
Project("{FAE04EC0-301F-11D3-BF4B-00C04F79EFBC}") = "UnitTestsExample.App", "UnitTestsExample.App\UnitTestsExample.App.csproj", "{932686E9-C5F4-4714-AB54-F9D89A91CE38}"
EndProject
Project("{FAE04EC0-301F-11D3-BF4B-00C04F79EFBC}") = "UnitTestExample.Test", "UnitTestExample.Test\UnitTestExample.Test.csproj", "{C5640725-DAB3-488B-AF85-44420066959A}"
EndProject
Global
	GlobalSection(SolutionConfigurationPlatforms) = preSolution
		Debug|Any CPU = Debug|Any CPU
		Release|Any CPU = Release|Any CPU
	EndGlobalSection
	GlobalSection(ProjectConfigurationPlatforms) = postSolution
		{932686E9-C5F4-4714-AB54-F9D89A91CE38}.Debug|Any CPU.ActiveCfg = Debug|Any CPU
		{932686E9-C5F4-4714-AB54-F9D89A91CE38}.Debug|Any CPU.Build.0 = Debug|Any CPU
		{932686E9-C5F4-4714-AB54-F9D89A91CE38}.Release|Any CPU.ActiveCfg = Release|Any CPU
		{932686E9-C5F4-4714-AB54-F9D89A91CE38}.Release|Any CPU.Build.0 = Release|Any CPU
		{C5640725-DAB3-488B-AF85-44420066959A}.Debug|Any CPU.ActiveCfg = Debug|Any CPU
		{C5640725-DAB3-488B-AF85-44420066959A}.Debug|Any CPU.Build.0 = Debug|Any CPU
		{C5640725-DAB3-488B-AF85-44420066959A}.Release|Any CPU.ActiveCfg = Release|Any CPU
		{C5640725-DAB3-488B-AF85-44420066959A}.Release|Any CPU.Build.0 = Release|Any CPU
	EndGlobalSection
EndGlobal
